{
  "name": "daynight-theme-scheduler",
  "version": "0.1.3",
  "lockfileVersion": 3,
  "requires": true,
  "packages": {
    "": {
      "name": "daynight-theme-scheduler",
      "version": "0.1.3",
      "license": "MIT",
      "devDependencies": {
        "@types/vscode": "^1.90.0"
      },
      "engines": {
        "vscode": "^1.90.0"
      }
    },
    "node_modules/.pnpm/@types+vscode@1.110.0/node_modules/@types/vscode": {
      "version": "1.110.0",
      "dev": true,
      "license": "MIT"
    },
    "node_modules/@types/vscode": {
      "resolved": "node_modules/.pnpm/@types+vscode@1.110.0/node_modules/@types/vscode",
      "link": true
    }
  }
}
